
Microsoft Visual Studio Solution File, Format Version 12.00
# Visual Studio Version 16
VisualStudioVersion = 16.0.31025.194
MinimumVisualStudioVersion = 10.0.40219.1
Project("{9A19103F-16F7-4668-BE54-9A1E7A4F7556}") = "AwsCredentialHelper.Core", "AwsCredentialHelper.Core\AwsCredentialHelper.Core.csproj", "{6A9A912E-BD73-4CBD-86A2-F6EB4E09CAF5}"
EndProject
Project("{9A19103F-16F7-4668-BE54-9A1E7A4F7556}") = "AwsCredentialHelper.Tests", "AwsCredentialHelper.Tests\AwsCredentialHelper.Tests.csproj", "{5A23F627-5021-42F9-BF3F-C1F59FC5D167}"
EndProject
Project("{9A19103F-16F7-4668-BE54-9A1E7A4F7556}") = "AwsCredentialHelper", "AwsCredentialHelper\AwsCredentialHelper.csproj", "{FF6E39B9-2612-4783-9FAB-DA10BA2B8C7B}"
EndProject
Global
	GlobalSection(SolutionConfigurationPlatforms) = preSolution
		Debug|Any CPU = Debug|Any CPU
		Release|Any CPU = Release|Any CPU
	EndGlobalSection
	GlobalSection(ProjectConfigurationPlatforms) = postSolution
		{6A9A912E-BD73-4CBD-86A2-F6EB4E09CAF5}.Debug|Any CPU.ActiveCfg = Debug|Any CPU
		{6A9A912E-BD73-4CBD-86A2-F6EB4E09CAF5}.Debug|Any CPU.Build.0 = Debug|Any CPU
		{6A9A912E-BD73-4CBD-86A2-F6EB4E09CAF5}.Release|Any CPU.ActiveCfg = Release|Any CPU
		{6A9A912E-BD73-4CBD-86A2-F6EB4E09CAF5}.Release|Any CPU.Build.0 = Release|Any CPU
		{5A23F627-5021-42F9-BF3F-C1F59FC5D167}.Debug|Any CPU.ActiveCfg = Debug|Any CPU
		{5A23F627-5021-42F9-BF3F-C1F59FC5D167}.Debug|Any CPU.Build.0 = Debug|Any CPU
		{5A23F627-5021-42F9-BF3F-C1F59FC5D167}.Release|Any CPU.ActiveCfg = Release|Any CPU
		{5A23F627-5021-42F9-BF3F-C1F59FC5D167}.Release|Any CPU.Build.0 = Release|Any CPU
		{FF6E39B9-2612-4783-9FAB-DA10BA2B8C7B}.Debug|Any CPU.ActiveCfg = Debug|Any CPU
		{FF6E39B9-2612-4783-9FAB-DA10BA2B8C7B}.Debug|Any CPU.Build.0 = Debug|Any CPU
		{FF6E39B9-2612-4783-9FAB-DA10BA2B8C7B}.Release|Any CPU.ActiveCfg = Release|Any CPU
		{FF6E39B9-2612-4783-9FAB-DA10BA2B8C7B}.Release|Any CPU.Build.0 = Release|Any CPU
	EndGlobalSection
	GlobalSection(SolutionProperties) = preSolution
		HideSolutionNode = FALSE
	EndGlobalSection
	GlobalSection(ExtensibilityGlobals) = postSolution
		SolutionGuid = {1B0C228C-BA75-42D0-910D-A6BD78CA1F5F}
	EndGlobalSection
EndGlobal
